
Microsoft Visual Studio Solution File, Format Version 11.00
# Visual Studio 2010
Project("{FAE04EC0-301F-11D3-BF4B-00C04F79EFBC}") = "Assembly-CSharp-firstpass", "Assembly-CSharp-firstpass.csproj", "{58ee99d3-6008-3fa8-15cc-7a82ca145577}"
EndProject
Project("{FAE04EC0-301F-11D3-BF4B-00C04F79EFBC}") = "Assembly-CSharp", "Assembly-CSharp.csproj", "{bd3857f8-78fd-6f42-792f-6fe32c6b8bec}"
EndProject
Project("{FAE04EC0-301F-11D3-BF4B-00C04F79EFBC}") = "Assembly-CSharp-Editor-firstpass", "Assembly-CSharp-Editor-firstpass.csproj", "{3c70ab05-45d7-8a88-4a51-b8ad2b801cd0}"
EndProject
Global
	GlobalSection(SolutionConfigurationPlatforms) = preSolution
		Debug|Any CPU = Debug|Any CPU
	EndGlobalSection
	GlobalSection(ProjectConfigurationPlatforms) = postSolution
		{58ee99d3-6008-3fa8-15cc-7a82ca145577}.Debug|Any CPU.ActiveCfg = Debug|Any CPU
		{58ee99d3-6008-3fa8-15cc-7a82ca145577}.Debug|Any CPU.Build.0 = Debug|Any CPU
		{bd3857f8-78fd-6f42-792f-6fe32c6b8bec}.Debug|Any CPU.ActiveCfg = Debug|Any CPU
		{bd3857f8-78fd-6f42-792f-6fe32c6b8bec}.Debug|Any CPU.Build.0 = Debug|Any CPU
		{3c70ab05-45d7-8a88-4a51-b8ad2b801cd0}.Debug|Any CPU.ActiveCfg = Debug|Any CPU
		{3c70ab05-45d7-8a88-4a51-b8ad2b801cd0}.Debug|Any CPU.Build.0 = Debug|Any CPU
	EndGlobalSection
	GlobalSection(SolutionProperties) = preSolution
		HideSolutionNode = FALSE
	EndGlobalSection
EndGlobal
